
Microsoft Visual Studio Solution File, Format Version 12.00
# Visual Studio Version 17
VisualStudioVersion = 17.8.34330.188
MinimumVisualStudioVersion = 10.0.40219.1
Project("{FAE04EC0-301F-11D3-BF4B-00C04F79EFBC}") = "Presentation", "Presentation\Presentation.csproj", "{3DFE0A63-196B-4B67-B8B4-17385623864A}"
EndProject
Project("{FAE04EC0-301F-11D3-BF4B-00C04F79EFBC}") = "Domain", "Domain\Domain.csproj", "{50526B19-A911-4BDF-ABAE-1FF5D93CA8E6}"
EndProject
Project("{FAE04EC0-301F-11D3-BF4B-00C04F79EFBC}") = "Infrastructure", "Infrastructure\Infrastructure.csproj", "{0DCED56F-17E3-4FF2-8960-447AF37B9BF2}"
EndProject
Project("{FAE04EC0-301F-11D3-BF4B-00C04F79EFBC}") = "Application", "Application\Application.csproj", "{6ED4F024-827E-467A-95BD-01CB4722EF7B}"
EndProject
Project("{FAE04EC0-301F-11D3-BF4B-00C04F79EFBC}") = "Application.Tests", "Application.Tests\Application.Tests.csproj", "{5DF699D2-FF8C-4162-9576-45E99C6517B0}"
EndProject
Project("{FAE04EC0-301F-11D3-BF4B-00C04F79EFBC}") = "Infrastructure.Tests", "Infrastructure.Tests\Infrastructure.Tests.csproj", "{688DE98B-FCB7-4385-BA7D-FE64E0BC7997}"
EndProject
Project("{FAE04EC0-301F-11D3-BF4B-00C04F79EFBC}") = "Domain.Tests", "Domain.Tests\Domain.Tests.csproj", "{A9F9BF33-C2E9-4F41-AB04-4237F760C511}"
EndProject
Project("{FAE04EC0-301F-11D3-BF4B-00C04F79EFBC}") = "Presentation.Tests", "Presentation.Tests\Presentation.Tests.csproj", "{D3DAF3A8-5ABC-4FA9-9799-89356CF73B3E}"
EndProject
Global
	GlobalSection(SolutionConfigurationPlatforms) = preSolution
		Debug|Any CPU = Debug|Any CPU
		Release|Any CPU = Release|Any CPU
	EndGlobalSection
	GlobalSection(ProjectConfigurationPlatforms) = postSolution
		{3DFE0A63-196B-4B67-B8B4-17385623864A}.Debug|Any CPU.ActiveCfg = Debug|Any CPU
		{3DFE0A63-196B-4B67-B8B4-17385623864A}.Debug|Any CPU.Build.0 = Debug|Any CPU
		{3DFE0A63-196B-4B67-B8B4-17385623864A}.Release|Any CPU.ActiveCfg = Release|Any CPU
		{3DFE0A63-196B-4B67-B8B4-17385623864A}.Release|Any CPU.Build.0 = Release|Any CPU
		{50526B19-A911-4BDF-ABAE-1FF5D93CA8E6}.Debug|Any CPU.ActiveCfg = Debug|Any CPU
		{50526B19-A911-4BDF-ABAE-1FF5D93CA8E6}.Debug|Any CPU.Build.0 = Debug|Any CPU
		{50526B19-A911-4BDF-ABAE-1FF5D93CA8E6}.Release|Any CPU.ActiveCfg = Release|Any CPU
		{50526B19-A911-4BDF-ABAE-1FF5D93CA8E6}.Release|Any CPU.Build.0 = Release|Any CPU
		{0DCED56F-17E3-4FF2-8960-447AF37B9BF2}.Debug|Any CPU.ActiveCfg = Debug|Any CPU
		{0DCED56F-17E3-4FF2-8960-447AF37B9BF2}.Debug|Any CPU.Build.0 = Debug|Any CPU
		{0DCED56F-17E3-4FF2-8960-447AF37B9BF2}.Release|Any CPU.ActiveCfg = Release|Any CPU
		{0DCED56F-17E3-4FF2-8960-447AF37B9BF2}.Release|Any CPU.Build.0 = Release|Any CPU
		{6ED4F024-827E-467A-95BD-01CB4722EF7B}.Debug|Any CPU.ActiveCfg = Debug|Any CPU
		{6ED4F024-827E-467A-95BD-01CB4722EF7B}.Debug|Any CPU.Build.0 = Debug|Any CPU
		{6ED4F024-827E-467A-95BD-01CB4722EF7B}.Release|Any CPU.ActiveCfg = Release|Any CPU
		{6ED4F024-827E-467A-95BD-01CB4722EF7B}.Release|Any CPU.Build.0 = Release|Any CPU
		{5DF699D2-FF8C-4162-9576-45E99C6517B0}.Debug|Any CPU.ActiveCfg = Debug|Any CPU
		{5DF699D2-FF8C-4162-9576-45E99C6517B0}.Debug|Any CPU.Build.0 = Debug|Any CPU
		{5DF699D2-FF8C-4162-9576-45E99C6517B0}.Release|Any CPU.ActiveCfg = Release|Any CPU
		{5DF699D2-FF8C-4162-9576-45E99C6517B0}.Release|Any CPU.Build.0 = Release|Any CPU
		{688DE98B-FCB7-4385-BA7D-FE64E0BC7997}.Debug|Any CPU.ActiveCfg = Debug|Any CPU
		{688DE98B-FCB7-4385-BA7D-FE64E0BC7997}.Debug|Any CPU.Build.0 = Debug|Any CPU
		{688DE98B-FCB7-4385-BA7D-FE64E0BC7997}.Release|Any CPU.ActiveCfg = Release|Any CPU
		{688DE98B-FCB7-4385-BA7D-FE64E0BC7997}.Release|Any CPU.Build.0 = Release|Any CPU
		{A9F9BF33-C2E9-4F41-AB04-4237F760C511}.Debug|Any CPU.ActiveCfg = Debug|Any CPU
		{A9F9BF33-C2E9-4F41-AB04-4237F760C511}.Debug|Any CPU.Build.0 = Debug|Any CPU
		{A9F9BF33-C2E9-4F41-AB04-4237F760C511}.Release|Any CPU.ActiveCfg = Release|Any CPU
		{A9F9BF33-C2E9-4F41-AB04-4237F760C511}.Release|Any CPU.Build.0 = Release|Any CPU
		{D3DAF3A8-5ABC-4FA9-9799-89356CF73B3E}.Debug|Any CPU.ActiveCfg = Debug|Any CPU
		{D3DAF3A8-5ABC-4FA9-9799-89356CF73B3E}.Debug|Any CPU.Build.0 = Debug|Any CPU
		{D3DAF3A8-5ABC-4FA9-9799-89356CF73B3E}.Release|Any CPU.ActiveCfg = Release|Any CPU
		{D3DAF3A8-5ABC-4FA9-9799-89356CF73B3E}.Release|Any CPU.Build.0 = Release|Any CPU
	EndGlobalSection
	GlobalSection(SolutionProperties) = preSolution
		HideSolutionNode = FALSE
	EndGlobalSection
	GlobalSection(ExtensibilityGlobals) = postSolution
		SolutionGuid = {6B0E4BB7-B87A-468F-9208-0544B756A873}
	EndGlobalSection
EndGlobal
